{
  "requires": true,
  "lockfileVersion": 1,
  "dependencies": {
    "clone-function": {
      "version": "1.0.6",
      "resolved": "https://npm-registry.star2star.com/clone-function/-/clone-function-1.0.6.tgz",
      "integrity": "sha1-QoRxk3dQvKnEjsv7wW9uIy90oD0="
    },
    "immutable": {
      "version": "3.8.2",
      "resolved": "https://npm-registry.star2star.com/immutable/-/immutable-3.8.2.tgz",
      "integrity": "sha1-wkOZUUVbs5kT2vKBN28VMOEErfM="
    },
    "js-tokens": {
      "version": "4.0.0",
      "resolved": "https://npm-registry.star2star.com/js-tokens/-/js-tokens-4.0.0.tgz",
      "integrity": "sha512-RdJUflcE3cUzKiMqQgsCu06FPu9UdIJO0beYbPhHN4k6apgJtifcoCtT9bcxOpYBtpD2kCM6Sbzg4CausW/PKQ=="
    },
    "loose-envify": {
      "version": "1.4.0",
      "resolved": "https://npm-registry.star2star.com/loose-envify/-/loose-envify-1.4.0.tgz",
      "integrity": "sha512-lyuxPGr/Wfhrlem2CL/UcnUc1zcqKAImBDzukY7Y5F/yQiNdko6+fRLevlw1HgMySw7f611UIY408EtxRSoK3Q==",
      "requires": {
        "js-tokens": "^3.0.0 || ^4.0.0"
      }
    },
    "object-assign": {
      "version": "4.1.1",
      "resolved": "https://npm-registry.star2star.com/object-assign/-/object-assign-4.1.1.tgz",
      "integrity": "sha1-IQmtx5ZYh8/AXLvUQsrIv7s2CGM="
    },
    "object-foreach": {
      "version": "0.1.2",
      "resolved": "https://npm-registry.star2star.com/object-foreach/-/object-foreach-0.1.2.tgz",
      "integrity": "sha1-10IcW0DjtqPvV6xiQ2jSHY+NLew="
    },
    "object-merge": {
      "version": "2.5.1",
      "resolved": "https://npm-registry.star2star.com/object-merge/-/object-merge-2.5.1.tgz",
      "integrity": "sha1-B36JFc446nKUeIRIxd0znjTfQic=",
      "requires": {
        "clone-function": ">=1.0.1",
        "object-foreach": ">=0.1.2"
      }
    },
    "prop-types": {
      "version": "15.8.1",
      "resolved": "https://npm-registry.star2star.com/prop-types/-/prop-types-15.8.1.tgz",
      "integrity": "sha512-oj87CgZICdulUohogVAR7AjlC0327U4el4L6eAvOqCeudMDVU0NThNaV+b9Df4dXgSP1gXMTnPdhfe/2qDH5cg==",
      "requires": {
        "loose-envify": "^1.4.0",
        "object-assign": "^4.1.1",
        "react-is": "^16.13.1"
      }
    },
    "react-is": {
      "version": "16.13.1",
      "resolved": "https://npm-registry.star2star.com/react-is/-/react-is-16.13.1.tgz",
      "integrity": "sha512-24e6ynE2H+OKt4kqsOvNd8kBpV65zoxbA4BVsEOB3ARVWQki/DHzaUoC5KuON/BiccDaCCTZBuOcfZs70kR8bQ=="
    },
    "rip-out": {
      "version": "1.0.0",
      "resolved": "https://npm-registry.star2star.com/rip-out/-/rip-out-1.0.0.tgz",
      "integrity": "sha1-1iKntgfhza3IsHm/n7PaQsE7mOM="
    },
    "s2s-base-class": {
      "version": "1.0.15",
      "resolved": "https://npm-registry.star2star.com/s2s-base-class/-/s2s-base-class-1.0.15.tgz",
      "integrity": "sha1-yktJ686oqge2FohGVV+DePmDZEU=",
      "requires": {
        "object-merge": "^2.5.1"
      }
    },
    "s2s-select": {
      "version": "1.4.3",
      "resolved": "https://npm-registry.star2star.com/s2s-select/-/s2s-select-1.4.3.tgz",
      "integrity": "sha512-n/mNGqpRcXY00pjk/3f7gfPW8z1EOMV4aneKHdAsKUMnqzu3Q1TF4UsMM5atdOenewnUD5CCs58FyYxCx1kAiQ==",
      "requires": {
        "immutable": "^3.8.1",
        "s2s-base-class": "^1.0.7",
        "s2s-svg-icons": "*"
      }
    },
    "s2s-svg-action": {
      "version": "1.6.9",
      "resolved": "https://npm-registry.star2star.com/s2s-svg-action/-/s2s-svg-action-1.6.9.tgz",
      "integrity": "sha512-UXHW29N6hvnPVxi3aWsJ1b31rqO0QXthVOgU409pJ6kgMNX42sV6PiNMCTpQE12CYLioXmu6zEiMdm+Or5SN/A==",
      "requires": {
        "prop-types": "^15.6.1",
        "s2s-base-class": "*",
        "s2s-svg-container": "^2.0.0"
      }
    },
    "s2s-svg-container": {
      "version": "2.0.0",
      "resolved": "https://npm-registry.star2star.com/s2s-svg-container/-/s2s-svg-container-2.0.0.tgz",
      "integrity": "sha512-OviwKWOKmaVwDvEuEGt8yyAxgi9W3UjYTLOJ6A+7iXrKDcro6ls1B4mAaqM2dhdCiBKWvjUIlDISRrY4XMBkaA==",
      "requires": {
        "prop-types": "^15.6.0",
        "s2s-base-class": "*",
        "svgs": "^3.1.1"
      }
    },
    "s2s-svg-content": {
      "version": "1.4.6",
      "resolved": "https://npm-registry.star2star.com/s2s-svg-content/-/s2s-svg-content-1.4.6.tgz",
      "integrity": "sha512-LpDhEcvBgFzWJE3Zvp2QTjA3LRk8KRsaqiUAMnYJaPg85NxxUyBgIoKrSaNvySQCUE+zXIUdmyK3VRBEksaggA==",
      "requires": {
        "prop-types": "^15.6.1",
        "s2s-base-class": "*",
        "s2s-svg-container": "^2.0.0"
      }
    },
    "s2s-svg-file": {
      "version": "1.2.0",
      "resolved": "https://npm-registry.star2star.com/s2s-svg-file/-/s2s-svg-file-1.2.0.tgz",
      "integrity": "sha512-QGHMmwpg14x2w49AScjGVtirdLAkEopA/q3L0FZ23G77Nq3WrZZKmTB/sSg31AmomV/Fgn1fTBhYhHwJdi1Xng==",
      "requires": {
        "prop-types": "^15.6.1",
        "s2s-base-class": "*",
        "s2s-svg-container": "^2.0.0"
      }
    },
    "s2s-svg-graphics": {
      "version": "1.2.2",
      "resolved": "https://npm-registry.star2star.com/s2s-svg-graphics/-/s2s-svg-graphics-1.2.2.tgz",
      "integrity": "sha512-19/+Uaf8F1cETATMTldpHN+/qvUGg8ORB63c0T7C0HG+IMyAdo4WmFvxEvFI8VU96/3zlwMTOliLcPWntMlGbQ==",
      "requires": {
        "prop-types": "^15.6.1",
        "s2s-base-class": "*",
        "s2s-svg-container": "^2.0.0"
      }
    },
    "s2s-svg-icons": {
      "version": "2.3.25",
      "resolved": "https://npm-registry.star2star.com/s2s-svg-icons/-/s2s-svg-icons-2.3.25.tgz",
      "integrity": "sha512-+DkqZWhE9fYhkjI+jex4n7BZ6lAkEj1DQuJZ26McbGjd5JxrVkB0VD7YF8rbvJSgeM2qYU3B3YGyOcBrBr7pmQ==",
      "requires": {
        "s2s-base-class": "1.0.15",
        "s2s-svg-action": "1.6.9",
        "s2s-svg-content": "1.4.6",
        "s2s-svg-file": "1.2.0",
        "s2s-svg-graphics": "1.2.2",
        "s2s-svg-navigation": "1.3.4",
        "s2s-svg-toggle": "1.2.4"
      }
    },
    "s2s-svg-navigation": {
      "version": "1.3.4",
      "resolved": "https://npm-registry.star2star.com/s2s-svg-navigation/-/s2s-svg-navigation-1.3.4.tgz",
      "integrity": "sha512-MVtAseSjX3tqFLl3LD5vXQq5XSkSOSPNQz/f28gjtG7xanXmLG9ln+7uggeC5NyTJ7VNWkDWoxUuJd0oWoOCGg==",
      "requires": {
        "prop-types": "^15.6.1",
        "s2s-base-class": "*",
        "s2s-svg-container": "*"
      }
    },
    "s2s-svg-toggle": {
      "version": "1.2.4",
      "resolved": "https://npm-registry.star2star.com/s2s-svg-toggle/-/s2s-svg-toggle-1.2.4.tgz",
      "integrity": "sha512-P+NkKdPNPR7l4N+Zdp7zv0/28gzG/2FSrTO2yHw0SlHnnfPhGHoS890qL4qDyo/M+KZm32mCcIENxWN0DVQrQw==",
      "requires": {
        "prop-types": "^15.6.1",
        "s2s-base-class": "*",
        "s2s-svg-container": "^2.0.0"
      }
    },
    "svgs": {
      "version": "3.3.1",
      "resolved": "https://npm-registry.star2star.com/svgs/-/svgs-3.3.1.tgz",
      "integrity": "sha512-4nORJv/NXeS6JqkeXZFMWSKruvHmxVraqXRSttwRqsGuxA/oOujcDtXuBze3rhr3EWsXUP2E4Yosm5TMpdEnKw==",
      "requires": {
        "prop-types": "^15.5.10",
        "rip-out": "^1.0.0"
      }
    }
  }
}
